PODS:
  - Masonry (1.1.0)
  - MJRefresh (3.1.15.7)
  - QMUIKit (2.8.0):
    - QMUIKit/QMUIComponents (= 2.8.0)
    - QMUIKit/QMUICore (= 2.8.0)
    - QMUIKit/QMUILog (= 2.8.0)
    - QMUIKit/QMUIMainFrame (= 2.8.0)
    - QMUIKit/QMUIResources (= 2.8.0)
    - QMUIKit/QMUIWeakObjectContainer (= 2.8.0)
  - QMUIKit/QMUIComponents (2.8.0):
    - QMUIKit/QMUIComponents/NavigationBarTransition (= 2.8.0)
    - QMUIKit/QMUIComponents/QMUIAlertController (= 2.8.0)
    - QMUIKit/QMUIComponents/QMUIAssetLibrary (= 2.8.0)
    - QMUIKit/QMUIComponents/QMUIBadge (= 2.8.0)
    - QMUIKit/QMUIComponents/QMUIButton (= 2.8.0)
    - QMUIKit/QMUIComponents/QMUICAAnimationExtension (= 2.8.0)
    - QMUIKit/QMUIComponents/QMUICellHeightCache (= 2.8.0)
    - QMUIKit/QMUIComponents/QMUICellHeightKeyCache (= 2.8.0)
    - QMUIKit/QMUIComponents/QMUICellSizeKeyCache (= 2.8.0)
    - QMUIKit/QMUIComponents/QMUICollectionViewPagingLayout (= 2.8.0)
    - QMUIKit/QMUIComponents/QMUIDialogViewController (= 2.8.0)
    - QMUIKit/QMUIComponents/QMUIEmotionInputManager (= 2.8.0)
    - QMUIKit/QMUIComponents/QMUIEmotionView (= 2.8.0)
    - QMUIKit/QMUIComponents/QMUIEmptyView (= 2.8.0)
    - QMUIKit/QMUIComponents/QMUIFillButton (= 2.8.0)
    - QMUIKit/QMUIComponents/QMUIFloatLayoutView (= 2.8.0)
    - QMUIKit/QMUIComponents/QMUIGhostButton (= 2.8.0)
    - QMUIKit/QMUIComponents/QMUIGridView (= 2.8.0)
    - QMUIKit/QMUIComponents/QMUIImagePickerLibrary (= 2.8.0)
    - QMUIKit/QMUIComponents/QMUIImagePreviewView (= 2.8.0)
    - QMUIKit/QMUIComponents/QMUIImagePreviewViewController (= 2.8.0)
    - QMUIKit/QMUIComponents/QMUIKeyboardManager (= 2.8.0)
    - QMUIKit/QMUIComponents/QMUILabel (= 2.8.0)
    - QMUIKit/QMUIComponents/QMUILinkButton (= 2.8.0)
    - QMUIKit/QMUIComponents/QMUILogManagerViewController (= 2.8.0)
    - QMUIKit/QMUIComponents/QMUILogWithConfigurationSupported (= 2.8.0)
    - QMUIKit/QMUIComponents/QMUIMarqueeLabel (= 2.8.0)
    - QMUIKit/QMUIComponents/QMUIModalPresentationViewController (= 2.8.0)
    - QMUIKit/QMUIComponents/QMUIMoreOperationController (= 2.8.0)
    - QMUIKit/QMUIComponents/QMUIMultipleDelegates (= 2.8.0)
    - QMUIKit/QMUIComponents/QMUINavigationButton (= 2.8.0)
    - QMUIKit/QMUIComponents/QMUINavigationTitleView (= 2.8.0)
    - QMUIKit/QMUIComponents/QMUIOrderedDictionary (= 2.8.0)
    - QMUIKit/QMUIComponents/QMUIPieProgressView (= 2.8.0)
    - QMUIKit/QMUIComponents/QMUIPopupContainerView (= 2.8.0)
    - QMUIKit/QMUIComponents/QMUIPopupMenuView (= 2.8.0)
    - QMUIKit/QMUIComponents/QMUISearchBar (= 2.8.0)
    - QMUIKit/QMUIComponents/QMUISearchController (= 2.8.0)
    - QMUIKit/QMUIComponents/QMUISegmentedControl (= 2.8.0)
    - QMUIKit/QMUIComponents/QMUISlider (= 2.8.0)
    - QMUIKit/QMUIComponents/QMUIStaticTableView (= 2.8.0)
    - QMUIKit/QMUIComponents/QMUITableView (= 2.8.0)
    - QMUIKit/QMUIComponents/QMUITableViewCell (= 2.8.0)
    - QMUIKit/QMUIComponents/QMUITableViewHeaderFooterView (= 2.8.0)
    - QMUIKit/QMUIComponents/QMUITableViewProtocols (= 2.8.0)
    - QMUIKit/QMUIComponents/QMUITestView (= 2.8.0)
    - QMUIKit/QMUIComponents/QMUITextField (= 2.8.0)
    - QMUIKit/QMUIComponents/QMUITextView (= 2.8.0)
    - QMUIKit/QMUIComponents/QMUITips (= 2.8.0)
    - QMUIKit/QMUIComponents/QMUIToastView (= 2.8.0)
    - QMUIKit/QMUIComponents/QMUIToolbarButton (= 2.8.0)
    - QMUIKit/QMUIComponents/QMUIVisualEffectView (= 2.8.0)
    - QMUIKit/QMUIComponents/QMUIZoomImageView (= 2.8.0)
    - QMUIKit/QMUICore
  - QMUIKit/QMUIComponents/NavigationBarTransition (2.8.0):
    - QMUIKit/QMUIComponents/QMUINavigationTitleView
    - QMUIKit/QMUICore
    - QMUIKit/QMUIMainFrame
  - QMUIKit/QMUIComponents/QMUIAlertController (2.8.0):
    - QMUIKit/QMUIComponents/QMUIButton
    - QMUIKit/QMUIComponents/QMUIModalPresentationViewController
    - QMUIKit/QMUIComponents/QMUITextField
    - QMUIKit/QMUICore
  - QMUIKit/QMUIComponents/QMUIAssetLibrary (2.8.0):
    - QMUIKit/QMUICore
  - QMUIKit/QMUIComponents/QMUIBadge (2.8.0):
    - QMUIKit/QMUIComponents/QMUILabel
    - QMUIKit/QMUICore
  - QMUIKit/QMUIComponents/QMUIButton (2.8.0):
    - QMUIKit/QMUICore
  - QMUIKit/QMUIComponents/QMUICAAnimationExtension (2.8.0):
    - QMUIKit/QMUIComponents/QMUIMultipleDelegates
    - QMUIKit/QMUICore
  - QMUIKit/QMUIComponents/QMUICellHeightCache (2.8.0):
    - QMUIKit/QMUIComponents/QMUITableViewProtocols
    - QMUIKit/QMUICore
  - QMUIKit/QMUIComponents/QMUICellHeightKeyCache (2.8.0):
    - QMUIKit/QMUIComponents/QMUITableViewProtocols
    - QMUIKit/QMUICore
  - QMUIKit/QMUIComponents/QMUICellSizeKeyCache (2.8.0):
    - QMUIKit/QMUICore
  - QMUIKit/QMUIComponents/QMUICollectionViewPagingLayout (2.8.0):
    - QMUIKit/QMUICore
  - QMUIKit/QMUIComponents/QMUIDialogViewController (2.8.0):
    - QMUIKit/QMUIComponents/QMUIButton
    - QMUIKit/QMUIComponents/QMUILabel
    - QMUIKit/QMUIComponents/QMUIModalPresentationViewController
    - QMUIKit/QMUIComponents/QMUINavigationTitleView
    - QMUIKit/QMUIComponents/QMUITableView
    - QMUIKit/QMUIComponents/QMUITableViewCell
    - QMUIKit/QMUIComponents/QMUITextField
    - QMUIKit/QMUICore
    - QMUIKit/QMUIMainFrame
  - QMUIKit/QMUIComponents/QMUIEmotionInputManager (2.8.0):
    - QMUIKit/QMUIComponents/QMUIEmotionView
    - QMUIKit/QMUICore
  - QMUIKit/QMUIComponents/QMUIEmotionView (2.8.0):
    - QMUIKit/QMUIComponents/QMUIButton
    - QMUIKit/QMUICore
    - QMUIKit/QMUIResources
  - QMUIKit/QMUIComponents/QMUIEmptyView (2.8.0):
    - QMUIKit/QMUIComponents/QMUIButton
    - QMUIKit/QMUICore
  - QMUIKit/QMUIComponents/QMUIFillButton (2.8.0):
    - QMUIKit/QMUIComponents/QMUIButton
    - QMUIKit/QMUICore
  - QMUIKit/QMUIComponents/QMUIFloatLayoutView (2.8.0):
    - QMUIKit/QMUICore
  - QMUIKit/QMUIComponents/QMUIGhostButton (2.8.0):
    - QMUIKit/QMUIComponents/QMUIButton
    - QMUIKit/QMUICore
  - QMUIKit/QMUIComponents/QMUIGridView (2.8.0):
    - QMUIKit/QMUICore
  - QMUIKit/QMUIComponents/QMUIImagePickerLibrary (2.8.0):
    - QMUIKit/QMUIComponents/QMUIAlertController
    - QMUIKit/QMUIComponents/QMUIAssetLibrary
    - QMUIKit/QMUIComponents/QMUIButton
    - QMUIKit/QMUIComponents/QMUIEmptyView
    - QMUIKit/QMUIComponents/QMUIImagePreviewViewController
    - QMUIKit/QMUIComponents/QMUINavigationButton
    - QMUIKit/QMUIComponents/QMUITableViewCell
    - QMUIKit/QMUIComponents/QMUIZoomImageView
    - QMUIKit/QMUICore
    - QMUIKit/QMUIMainFrame
    - QMUIKit/QMUIResources
  - QMUIKit/QMUIComponents/QMUIImagePreviewView (2.8.0):
    - QMUIKit/QMUIComponents/QMUIButton
    - QMUIKit/QMUIComponents/QMUICollectionViewPagingLayout
    - QMUIKit/QMUIComponents/QMUIEmptyView
    - QMUIKit/QMUIComponents/QMUIPieProgressView
    - QMUIKit/QMUIComponents/QMUIZoomImageView
    - QMUIKit/QMUICore
  - QMUIKit/QMUIComponents/QMUIImagePreviewViewController (2.8.0):
    - QMUIKit/QMUIComponents/QMUIImagePreviewView
    - QMUIKit/QMUICore
    - QMUIKit/QMUIMainFrame
  - QMUIKit/QMUIComponents/QMUIKeyboardManager (2.8.0):
    - QMUIKit/QMUICore
  - QMUIKit/QMUIComponents/QMUILabel (2.8.0):
    - QMUIKit/QMUICore
  - QMUIKit/QMUIComponents/QMUILinkButton (2.8.0):
    - QMUIKit/QMUIComponents/QMUIButton
    - QMUIKit/QMUICore
  - QMUIKit/QMUIComponents/QMUILogManagerViewController (2.8.0):
    - QMUIKit/QMUIComponents/QMUIPopupMenuView
    - QMUIKit/QMUIComponents/QMUISearchController
    - QMUIKit/QMUIComponents/QMUIStaticTableView
    - QMUIKit/QMUIComponents/QMUITableView
    - QMUIKit/QMUICore
    - QMUIKit/QMUIMainFrame
  - QMUIKit/QMUIComponents/QMUILogWithConfigurationSupported (2.8.0):
    - QMUIKit/QMUICore
  - QMUIKit/QMUIComponents/QMUIMarqueeLabel (2.8.0):
    - QMUIKit/QMUICore
  - QMUIKit/QMUIComponents/QMUIModalPresentationViewController (2.8.0):
    - QMUIKit/QMUIComponents/QMUIKeyboardManager
    - QMUIKit/QMUICore
  - QMUIKit/QMUIComponents/QMUIMoreOperationController (2.8.0):
    - QMUIKit/QMUIComponents/QMUIButton
    - QMUIKit/QMUIComponents/QMUIModalPresentationViewController
    - QMUIKit/QMUICore
  - QMUIKit/QMUIComponents/QMUIMultipleDelegates (2.8.0):
    - QMUIKit/QMUICore
  - QMUIKit/QMUIComponents/QMUINavigationButton (2.8.0):
    - QMUIKit/QMUICore
    - QMUIKit/QMUIMainFrame
  - QMUIKit/QMUIComponents/QMUINavigationTitleView (2.8.0):
    - QMUIKit/QMUIComponents/QMUIButton
    - QMUIKit/QMUICore
  - QMUIKit/QMUIComponents/QMUIOrderedDictionary (2.8.0):
    - QMUIKit/QMUICore
  - QMUIKit/QMUIComponents/QMUIPieProgressView (2.8.0):
    - QMUIKit/QMUICore
  - QMUIKit/QMUIComponents/QMUIPopupContainerView (2.8.0):
    - QMUIKit/QMUICore
    - QMUIKit/QMUIMainFrame
  - QMUIKit/QMUIComponents/QMUIPopupMenuView (2.8.0):
    - QMUIKit/QMUIComponents/QMUIButton
    - QMUIKit/QMUIComponents/QMUIPopupContainerView
    - QMUIKit/QMUICore
  - QMUIKit/QMUIComponents/QMUISearchBar (2.8.0):
    - QMUIKit/QMUICore
  - QMUIKit/QMUIComponents/QMUISearchController (2.8.0):
    - QMUIKit/QMUIComponents/QMUIEmptyView
    - QMUIKit/QMUIComponents/QMUISearchBar
    - QMUIKit/QMUICore
    - QMUIKit/QMUIMainFrame
  - QMUIKit/QMUIComponents/QMUISegmentedControl (2.8.0):
    - QMUIKit/QMUICore
  - QMUIKit/QMUIComponents/QMUISlider (2.8.0):
    - QMUIKit/QMUICore
  - QMUIKit/QMUIComponents/QMUIStaticTableView (2.8.0):
    - QMUIKit/QMUIComponents/QMUITableViewCell
    - QMUIKit/QMUICore
  - QMUIKit/QMUIComponents/QMUITableView (2.8.0):
    - QMUIKit/QMUIComponents/QMUITableViewProtocols
    - QMUIKit/QMUICore
  - QMUIKit/QMUIComponents/QMUITableViewCell (2.8.0):
    - QMUIKit/QMUIComponents/QMUIButton
    - QMUIKit/QMUICore
  - QMUIKit/QMUIComponents/QMUITableViewHeaderFooterView (2.8.0):
    - QMUIKit/QMUICore
  - QMUIKit/QMUIComponents/QMUITableViewProtocols (2.8.0):
    - QMUIKit/QMUICore
  - QMUIKit/QMUIComponents/QMUITestView (2.8.0):
    - QMUIKit/QMUICore
  - QMUIKit/QMUIComponents/QMUITextField (2.8.0):
    - QMUIKit/QMUIComponents/QMUIMultipleDelegates
    - QMUIKit/QMUICore
  - QMUIKit/QMUIComponents/QMUITextView (2.8.0):
    - QMUIKit/QMUIComponents/QMUILabel
    - QMUIKit/QMUIComponents/QMUIMultipleDelegates
    - QMUIKit/QMUICore
  - QMUIKit/QMUIComponents/QMUITips (2.8.0):
    - QMUIKit/QMUIComponents/QMUIToastView
    - QMUIKit/QMUICore
    - QMUIKit/QMUIResources
  - QMUIKit/QMUIComponents/QMUIToastView (2.8.0):
    - QMUIKit/QMUIComponents/QMUIKeyboardManager
    - QMUIKit/QMUICore
  - QMUIKit/QMUIComponents/QMUIToolbarButton (2.8.0):
    - QMUIKit/QMUICore
  - QMUIKit/QMUIComponents/QMUIVisualEffectView (2.8.0):
    - QMUIKit/QMUICore
  - QMUIKit/QMUIComponents/QMUIZoomImageView (2.8.0):
    - QMUIKit/QMUIComponents/QMUIAssetLibrary
    - QMUIKit/QMUIComponents/QMUIButton
    - QMUIKit/QMUIComponents/QMUIEmptyView
    - QMUIKit/QMUIComponents/QMUIPieProgressView
    - QMUIKit/QMUIComponents/QMUISlider
    - QMUIKit/QMUICore
  - QMUIKit/QMUICore (2.8.0):
    - QMUIKit/QMUILog
    - QMUIKit/QMUIWeakObjectContainer
  - QMUIKit/QMUILog (2.8.0)
  - QMUIKit/QMUIMainFrame (2.8.0):
    - QMUIKit/QMUIComponents/QMUIEmptyView
    - QMUIKit/QMUIComponents/QMUIKeyboardManager
    - QMUIKit/QMUIComponents/QMUIMultipleDelegates
    - QMUIKit/QMUIComponents/QMUINavigationTitleView
    - QMUIKit/QMUIComponents/QMUITableView
    - QMUIKit/QMUIComponents/QMUITableViewHeaderFooterView
    - QMUIKit/QMUICore
    - QMUIKit/QMUILog
  - QMUIKit/QMUIResources (2.8.0)
  - QMUIKit/QMUIWeakObjectContainer (2.8.0)
  - YYKit (1.0.9):
    - YYKit/no-arc (= 1.0.9)
  - YYKit/no-arc (1.0.9)

DEPENDENCIES:
  - Masonry
  - MJRefresh
  - QMUIKit
  - YYKit

SPEC REPOS:
  https://github.com/cocoapods/specs.git:
    - Masonry
    - MJRefresh
    - QMUIKit
    - YYKit

SPEC CHECKSUMS:
  Masonry: 678fab65091a9290e40e2832a55e7ab731aad201
  MJRefresh: 697f8ec75ebdbe9207767bb682cf0f51b0d8a41f
  QMUIKit: 6e99dfbc5a2805fa0939e586e3a9a1c695d974be
  YYKit: 7cda43304a8dc3696c449041e2cb3107b4e236e7

PODFILE CHECKSUM: 32e62e2dad7d39cf97c2e1069dd32b52921eb233

COCOAPODS: 1.5.3
